
Microsoft Visual Studio Solution File, Format Version 12.00
# Visual Studio Version 17
VisualStudioVersion = 17.2.32526.322
MinimumVisualStudioVersion = 10.0.40219.1
Project("{FAE04EC0-301F-11D3-BF4B-00C04F79EFBC}") = "2Lab_Json", "2Lab_Json\2Lab_Json.csproj", "{40D91155-1FF9-4CFC-88CD-7F3287655357}"
EndProject
Global
	GlobalSection(SolutionConfigurationPlatforms) = preSolution
		Debug|Any CPU = Debug|Any CPU
		Release|Any CPU = Release|Any CPU
	EndGlobalSection
	GlobalSection(ProjectConfigurationPlatforms) = postSolution
		{40D91155-1FF9-4CFC-88CD-7F3287655357}.Debug|Any CPU.ActiveCfg = Debug|Any CPU
		{40D91155-1FF9-4CFC-88CD-7F3287655357}.Debug|Any CPU.Build.0 = Debug|Any CPU
		{40D91155-1FF9-4CFC-88CD-7F3287655357}.Release|Any CPU.ActiveCfg = Release|Any CPU
		{40D91155-1FF9-4CFC-88CD-7F3287655357}.Release|Any CPU.Build.0 = Release|Any CPU
	EndGlobalSection
	GlobalSection(SolutionProperties) = preSolution
		HideSolutionNode = FALSE
	EndGlobalSection
	GlobalSection(ExtensibilityGlobals) = postSolution
		SolutionGuid = {11057F35-CFCE-4C4C-8DB9-6295A773527A}
	EndGlobalSection
EndGlobal
